
Microsoft Visual Studio Solution File, Format Version 12.00
# Visual Studio Version 16
VisualStudioVersion = 16.0.31105.61
MinimumVisualStudioVersion = 10.0.40219.1
Project("{2150E333-8FDC-42A3-9474-1A3956D46DE8}") = "Common", "Common", "{069574B7-7879-464C-88E5-408C9AB01FBC}"
EndProject
Project("{2150E333-8FDC-42A3-9474-1A3956D46DE8}") = "Services", "Services", "{60B24860-1B2B-49DD-9967-4B95924B61CF}"
EndProject
Project("{2150E333-8FDC-42A3-9474-1A3956D46DE8}") = "UI", "UI", "{68CA3A76-7292-4887-A915-53FE06F33E59}"
EndProject
Project("{9A19103F-16F7-4668-BE54-9A1E7A4F7556}") = "WebStore.Domain", "Common\WebStore.Domain\WebStore.Domain.csproj", "{40F49642-9A9C-4804-84DD-E8A602E3D368}"
EndProject
Project("{9A19103F-16F7-4668-BE54-9A1E7A4F7556}") = "WebStore.DAL", "Services\WebStore.DAL\WebStore.DAL.csproj", "{61C7D70E-C93F-4BED-A782-22953721B44A}"
EndProject
Project("{9A19103F-16F7-4668-BE54-9A1E7A4F7556}") = "WebStore", "UI\WebStore\WebStore.csproj", "{364B6A85-4A34-4835-991E-DC6963992510}"
EndProject
Project("{9A19103F-16F7-4668-BE54-9A1E7A4F7556}") = "WebStore.Interfaces", "Services\WebStore.Interfaces\WebStore.Interfaces.csproj", "{DCFD86D1-7457-466B-851C-95AA6ADB9675}"
EndProject
Project("{9A19103F-16F7-4668-BE54-9A1E7A4F7556}") = "WebStore.Services", "Services\WebStore.Services\WebStore.Services.csproj", "{1BF67B6F-F1E1-46A1-9AA8-ACBB069807D0}"
EndProject
Project("{9A19103F-16F7-4668-BE54-9A1E7A4F7556}") = "WebStore.ServiceHosting", "Services\WebStore.ServiceHosting\WebStore.ServiceHosting.csproj", "{4EA10048-BA0E-417C-B169-BBD21C6BE164}"
EndProject
Project("{9A19103F-16F7-4668-BE54-9A1E7A4F7556}") = "WebStore.Clients", "Services\WebStore.Clients\WebStore.Clients.csproj", "{F2EE1E09-B84C-4142-B4E8-553E2CA7B5C2}"
EndProject
Project("{9A19103F-16F7-4668-BE54-9A1E7A4F7556}") = "WebStore.ConsoleUI", "UI\WebStore.ConsoleUI\WebStore.ConsoleUI.csproj", "{6681EBC1-58AE-4C4E-802E-B660FFF0DBEC}"
EndProject
Project("{FAE04EC0-301F-11D3-BF4B-00C04F79EFBC}") = "WebStore.Logger", "Common\WebStore.Logger\WebStore.Logger.csproj", "{19FFD937-41FB-4B76-BC8D-227710E6E167}"
EndProject
Global
	GlobalSection(SolutionConfigurationPlatforms) = preSolution
		Debug|Any CPU = Debug|Any CPU
		Release|Any CPU = Release|Any CPU
	EndGlobalSection
	GlobalSection(ProjectConfigurationPlatforms) = postSolution
		{40F49642-9A9C-4804-84DD-E8A602E3D368}.Debug|Any CPU.ActiveCfg = Debug|Any CPU
		{40F49642-9A9C-4804-84DD-E8A602E3D368}.Debug|Any CPU.Build.0 = Debug|Any CPU
		{40F49642-9A9C-4804-84DD-E8A602E3D368}.Release|Any CPU.ActiveCfg = Release|Any CPU
		{40F49642-9A9C-4804-84DD-E8A602E3D368}.Release|Any CPU.Build.0 = Release|Any CPU
		{61C7D70E-C93F-4BED-A782-22953721B44A}.Debug|Any CPU.ActiveCfg = Debug|Any CPU
		{61C7D70E-C93F-4BED-A782-22953721B44A}.Debug|Any CPU.Build.0 = Debug|Any CPU
		{61C7D70E-C93F-4BED-A782-22953721B44A}.Release|Any CPU.ActiveCfg = Release|Any CPU
		{61C7D70E-C93F-4BED-A782-22953721B44A}.Release|Any CPU.Build.0 = Release|Any CPU
		{364B6A85-4A34-4835-991E-DC6963992510}.Debug|Any CPU.ActiveCfg = Debug|Any CPU
		{364B6A85-4A34-4835-991E-DC6963992510}.Debug|Any CPU.Build.0 = Debug|Any CPU
		{364B6A85-4A34-4835-991E-DC6963992510}.Release|Any CPU.ActiveCfg = Release|Any CPU
		{364B6A85-4A34-4835-991E-DC6963992510}.Release|Any CPU.Build.0 = Release|Any CPU
		{DCFD86D1-7457-466B-851C-95AA6ADB9675}.Debug|Any CPU.ActiveCfg = Debug|Any CPU
		{DCFD86D1-7457-466B-851C-95AA6ADB9675}.Debug|Any CPU.Build.0 = Debug|Any CPU
		{DCFD86D1-7457-466B-851C-95AA6ADB9675}.Release|Any CPU.ActiveCfg = Release|Any CPU
		{DCFD86D1-7457-466B-851C-95AA6ADB9675}.Release|Any CPU.Build.0 = Release|Any CPU
		{1BF67B6F-F1E1-46A1-9AA8-ACBB069807D0}.Debug|Any CPU.ActiveCfg = Debug|Any CPU
		{1BF67B6F-F1E1-46A1-9AA8-ACBB069807D0}.Debug|Any CPU.Build.0 = Debug|Any CPU
		{1BF67B6F-F1E1-46A1-9AA8-ACBB069807D0}.Release|Any CPU.ActiveCfg = Release|Any CPU
		{1BF67B6F-F1E1-46A1-9AA8-ACBB069807D0}.Release|Any CPU.Build.0 = Release|Any CPU
		{4EA10048-BA0E-417C-B169-BBD21C6BE164}.Debug|Any CPU.ActiveCfg = Debug|Any CPU
		{4EA10048-BA0E-417C-B169-BBD21C6BE164}.Debug|Any CPU.Build.0 = Debug|Any CPU
		{4EA10048-BA0E-417C-B169-BBD21C6BE164}.Release|Any CPU.ActiveCfg = Release|Any CPU
		{4EA10048-BA0E-417C-B169-BBD21C6BE164}.Release|Any CPU.Build.0 = Release|Any CPU
		{F2EE1E09-B84C-4142-B4E8-553E2CA7B5C2}.Debug|Any CPU.ActiveCfg = Debug|Any CPU
		{F2EE1E09-B84C-4142-B4E8-553E2CA7B5C2}.Debug|Any CPU.Build.0 = Debug|Any CPU
		{F2EE1E09-B84C-4142-B4E8-553E2CA7B5C2}.Release|Any CPU.ActiveCfg = Release|Any CPU
		{F2EE1E09-B84C-4142-B4E8-553E2CA7B5C2}.Release|Any CPU.Build.0 = Release|Any CPU
		{6681EBC1-58AE-4C4E-802E-B660FFF0DBEC}.Debug|Any CPU.ActiveCfg = Debug|Any CPU
		{6681EBC1-58AE-4C4E-802E-B660FFF0DBEC}.Debug|Any CPU.Build.0 = Debug|Any CPU
		{6681EBC1-58AE-4C4E-802E-B660FFF0DBEC}.Release|Any CPU.ActiveCfg = Release|Any CPU
		{6681EBC1-58AE-4C4E-802E-B660FFF0DBEC}.Release|Any CPU.Build.0 = Release|Any CPU
		{19FFD937-41FB-4B76-BC8D-227710E6E167}.Debug|Any CPU.ActiveCfg = Debug|Any CPU
		{19FFD937-41FB-4B76-BC8D-227710E6E167}.Debug|Any CPU.Build.0 = Debug|Any CPU
		{19FFD937-41FB-4B76-BC8D-227710E6E167}.Release|Any CPU.ActiveCfg = Release|Any CPU
		{19FFD937-41FB-4B76-BC8D-227710E6E167}.Release|Any CPU.Build.0 = Release|Any CPU
	EndGlobalSection
	GlobalSection(SolutionProperties) = preSolution
		HideSolutionNode = FALSE
	EndGlobalSection
	GlobalSection(NestedProjects) = preSolution
		{40F49642-9A9C-4804-84DD-E8A602E3D368} = {069574B7-7879-464C-88E5-408C9AB01FBC}
		{61C7D70E-C93F-4BED-A782-22953721B44A} = {60B24860-1B2B-49DD-9967-4B95924B61CF}
		{364B6A85-4A34-4835-991E-DC6963992510} = {68CA3A76-7292-4887-A915-53FE06F33E59}
		{DCFD86D1-7457-466B-851C-95AA6ADB9675} = {60B24860-1B2B-49DD-9967-4B95924B61CF}
		{1BF67B6F-F1E1-46A1-9AA8-ACBB069807D0} = {60B24860-1B2B-49DD-9967-4B95924B61CF}
		{4EA10048-BA0E-417C-B169-BBD21C6BE164} = {60B24860-1B2B-49DD-9967-4B95924B61CF}
		{F2EE1E09-B84C-4142-B4E8-553E2CA7B5C2} = {60B24860-1B2B-49DD-9967-4B95924B61CF}
		{6681EBC1-58AE-4C4E-802E-B660FFF0DBEC} = {68CA3A76-7292-4887-A915-53FE06F33E59}
		{19FFD937-41FB-4B76-BC8D-227710E6E167} = {069574B7-7879-464C-88E5-408C9AB01FBC}
	EndGlobalSection
	GlobalSection(ExtensibilityGlobals) = postSolution
		SolutionGuid = {AF0FF48D-E3EB-44EA-A049-EBD55FFDF23E}
	EndGlobalSection
EndGlobal
